// !$*UTF8*$!
{
	archiveVersion = 1;
	classes = {
	};
	objectVersion = 46;
	objects = {

/* Begin PBXBuildFile section */
		AC8FF0BB1BC6A7C8007BB8DB /* main.cpp in Sources */ = {isa = PBXBuildFile; fileRef = AC8FF0BA1BC6A7C8007BB8DB /* main.cpp */; };
/* End PBXBuildFile section */

/* Begin PBXCopyFilesBuildPhase section */
		AC8FF0B51BC6A7C8007BB8DB /* CopyFiles */ = {
			isa = PBXCopyFilesBuildPhase;
			buildActionMask = 2147483647;
			dstPath = /usr/share/man/man1/;
			dstSubfolderSpec = 0;
			files = (
			);
			runOnlyForDeploymentPostprocessing = 1;
		};
/* End PBXCopyFilesBuildPhase section */

/* Begin PBXFileReference section */
		AC8FF0B71BC6A7C8007BB8DB /* graph */ = {isa = PBXFileReference; explicitFileType = "compiled.mach-o.executable"; includeInIndex = 0; path = graph; sourceTree = BUILT_PRODUCTS_DIR; };
		AC8FF0BA1BC6A7C8007BB8DB /* main.cpp */ = {isa = PBXFileReference; lastKnownFileType = sourcecode.cpp.cpp; path = main.cpp; sourceTree = "<group>"; };
/* End PBXFileReference section */

/* Begin PBXFrameworksBuildPhase section */
		AC8FF0B41BC6A7C8007BB8DB /* Frameworks */ = {
			isa = PBXFrameworksBuildPhase;
			buildActionMask = 2147483647;
			files = (
			);
			runOnlyForDeploymentPostprocessing = 0;
		};
/* End PBXFrameworksBuildPhase section */

/* Begin PBXGroup section */
		AC8FF0AE1BC6A7C8007BB8DB = {
			isa = PBXGroup;
			children = (
				AC8FF0B91BC6A7C8007BB8DB /* graph */,
				AC8FF0B81BC6A7C8007BB8DB /* Products */,
			);
			sourceTree = "<group>";
		};
		AC8FF0B81BC6A7C8007BB8DB /* Products */ = {
			isa = PBXGroup;
			children = (
				AC8FF0B71BC6A7C8007BB8DB /* graph */,
			);
			name = Products;
			sourceTree = "<group>";
		};
		AC8FF0B91BC6A7C8007BB8DB /* graph */ = {
			isa = PBXGroup;
			children = (
				AC8FF0BA1BC6A7C8007BB8DB /* main.cpp */,
			);
			path = graph;
			sourceTree = "<group>";
		};
/* End PBXGroup section */

/* Begin PBXNativeTarget section */
		AC8FF0B61BC6A7C8007BB8DB /* graph */ = {
			isa = PBXNativeTarget;
			buildConfigurationList = AC8FF0BE1BC6A7C8007BB8DB /* Build configuration list for PBXNativeTarget "graph" */;
			buildPhases = (
				AC8FF0B31BC6A7C8007BB8DB /* Sources */,
				AC8FF0B41BC6A7C8007BB8DB /* Frameworks */,
				AC8FF0B51BC6A7C8007BB8DB /* CopyFiles */,
			);
			buildRules = (
			);
			dependencies = (
			);
			name = graph;
			productName = graph;
			productReference = AC8FF0B71BC6A7C8007BB8DB /* graph */;
			productType = "com.apple.product-type.tool";
		};
/* End PBXNativeTarget section */

/* Begin PBXProject section */
		AC8FF0AF1BC6A7C8007BB8DB /* Project object */ = {
			isa = PBXProject;
			attributes = {
				LastUpgradeCheck = 0700;
				ORGANIZATIONNAME = "Dmitry Mikhaylovich";
				TargetAttributes = {
					AC8FF0B61BC6A7C8007BB8DB = {
						CreatedOnToolsVersion = 7.0.1;
					};
				};
			};
			buildConfigurationList = AC8FF0B21BC6A7C8007BB8DB /* Build configuration list for PBXProject "graph" */;
			compatibilityVersion = "Xcode 3.2";
			developmentRegion = English;
			hasScannedForEncodings = 0;
			knownRegions = (
				en,
			);
			mainGroup = AC8FF0AE1BC6A7C8007BB8DB;
			productRefGroup = AC8FF0B81BC6A7C8007BB8DB /* Products */;
			projectDirPath = "";
			projectRoot = "";
			targets = (
				AC8FF0B61BC6A7C8007BB8DB /* graph */,
			);
		};
/* End PBXProject section */

/* Begin PBXSourcesBuildPhase section */
		AC8FF0B31BC6A7C8007BB8DB /* Sources */ = {
			isa = PBXSourcesBuildPhase;
			buildActionMask = 2147483647;
			files = (
				AC8FF0BB1BC6A7C8007BB8DB /* main.cpp in Sources */,
			);
			runOnlyForDeploymentPostprocessing = 0;
		};
/* End PBXSourcesBuildPhase section */

/* Begin XCBuildConfiguration section */
		AC8FF0BC1BC6A7C8007BB8DB /* Debug */ = {
			isa = XCBuildConfiguration;
			buildSettings = {
				ALWAYS_SEARCH_USER_PATHS = NO;
				CLANG_CXX_LANGUAGE_STANDARD = "gnu++0x";
				CLANG_CXX_LIBRARY = "libc++";
				CLANG_ENABLE_MODULES = YES;
				CLANG_ENABLE_OBJC_ARC = YES;
				CLANG_WARN_BOOL_CONVERSION = YES;
				CLANG_WARN_CONSTANT_CONVERSION = YES;
				CLANG_WARN_DIRECT_OBJC_ISA_USAGE = YES_ERROR;
				CLANG_WARN_EMPTY_BODY = YES;
				CLANG_WARN_ENUM_CONVERSION = YES;
				CLANG_WARN_INT_CONVERSION = YES;
				CLANG_WARN_OBJC_ROOT_CLASS = YES_ERROR;
				CLANG_WARN_UNREACHABLE_CODE = YES;
				CLANG_WARN__DUPLICATE_METHOD_MATCH = YES;
				COPY_PHASE_STRIP = NO;
				DEBUG_INFORMATION_FORMAT = dwarf;
				ENABLE_STRICT_OBJC_MSGSEND = YES;
				ENABLE_TESTABILITY = YES;
				GCC_C_LANGUAGE_STANDARD = gnu99;
				GCC_DYNAMIC_NO_PIC = NO;
				GCC_NO_COMMON_BLOCKS = YES;
				GCC_OPTIMIZATION_LEVEL = 0;
				GCC_PREPROCESSOR_DEFINITIONS = (
					"DEBUG=1",
					"$(inherited)",
				);
				GCC_WARN_64_TO_32_BIT_CONVERSION = YES;
				GCC_WARN_ABOUT_RETURN_TYPE = YES_ERROR;
				GCC_WARN_UNDECLARED_SELECTOR = YES;
				GCC_WARN_UNINITIALIZED_AUTOS = YES_AGGRESSIVE;
				GCC_WARN_UNUSED_FUNCTION = YES;
				GCC_WARN_UNUSED_VARIABLE = YES;
				MACOSX_DEPLOYMENT_TARGET = 10.11;
				MTL_ENABLE_DEBUG_INFO = YES;
				ONLY_ACTIVE_ARCH = YES;
				SDKROOT = macosx;
			};
			name = Debug;
		};
		AC8FF0BD1BC6A7C8007BB8DB /* Release */ = {
			isa = XCBuildConfiguration;
			buildSettings = {
				ALWAYS_SEARCH_USER_PATHS = NO;
				CLANG_CXX_LANGUAGE_STANDARD = "gnu++0x";
				CLANG_CXX_LIBRARY = "libc++";
				CLANG_ENABLE_MODULES = YES;
				CLANG_ENABLE_OBJC_ARC = YES;
				CLANG_WARN_BOOL_CONVERSION = YES;
				CLANG_WARN_CONSTANT_CONVERSION = YES;
				CLANG_WARN_DIRECT_OBJC_ISA_USAGE = YES_ERROR;
				CLANG_WARN_EMPTY_BODY = YES;
				CLANG_WARN_ENUM_CONVERSION = YES;
				CLANG_WARN_INT_CONVERSION = YES;
				CLANG_WARN_OBJC_ROOT_CLASS = YES_ERROR;
				CLANG_WARN_UNREACHABLE_CODE = YES;
				CLANG_WARN__DUPLICATE_METHOD_MATCH = YES;
				COPY_PHASE_STRIP = NO;
				DEBUG_INFORMATION_FORMAT = "dwarf-with-dsym";
				ENABLE_NS_ASSERTIONS = NO;
				ENABLE_STRICT_OBJC_MSGSEND = YES;
				GCC_C_LANGUAGE_STANDARD = gnu99;
				GCC_NO_COMMON_BLOCKS = YES;
				GCC_WARN_64_TO_32_BIT_CONVERSION = YES;
				GCC_WARN_ABOUT_RETURN_TYPE = YES_ERROR;
				GCC_WARN_UNDECLARED_SELECTOR = YES;
				GCC_WARN_UNINITIALIZED_AUTOS = YES_AGGRESSIVE;
				GCC_WARN_UNUSED_FUNCTION = YES;
				GCC_WARN_UNUSED_VARIABLE = YES;
				MACOSX_DEPLOYMENT_TARGET = 10.11;
				MTL_ENABLE_DEBUG_INFO = NO;
				SDKROOT = macosx;
			};
			name = Release;
		};
		AC8FF0BF1BC6A7C8007BB8DB /* Debug */ = {
			isa = XCBuildConfiguration;
			buildSettings = {
				PRODUCT_NAME = "$(TARGET_NAME)";
			};
			name = Debug;
		};
		AC8FF0C01BC6A7C8007BB8DB /* Release */ = {
			isa = XCBuildConfiguration;
			buildSettings = {
				PRODUCT_NAME = "$(TARGET_NAME)";
			};
			name = Release;
		};
/* End XCBuildConfiguration section */

/* Begin XCConfigurationList section */
		AC8FF0B21BC6A7C8007BB8DB /* Build configuration list for PBXProject "graph" */ = {
			isa = XCConfigurationList;
			buildConfigurations = (
				AC8FF0BC1BC6A7C8007BB8DB /* Debug */,
				AC8FF0BD1BC6A7C8007BB8DB /* Release */,
			);
			defaultConfigurationIsVisible = 0;
			defaultConfigurationName = Release;
		};
		AC8FF0BE1BC6A7C8007BB8DB /* Build configuration list for PBXNativeTarget "graph" */ = {
			isa = XCConfigurationList;
			buildConfigurations = (
				AC8FF0BF1BC6A7C8007BB8DB /* Debug */,
				AC8FF0C01BC6A7C8007BB8DB /* Release */,
			);
			defaultConfigurationIsVisible = 0;
		};
/* End XCConfigurationList section */
	};
	rootObject = AC8FF0AF1BC6A7C8007BB8DB /* Project object */;
}
